PODS:
  - RxCocoa (6.0.0-rc.2):
    - RxRelay (= 6.0.0-rc.2)
    - RxSwift (= 6.0.0-rc.2)
  - RxRelay (6.0.0-rc.2):
    - RxSwift (= 6.0.0-rc.2)
  - RxSwift (6.0.0-rc.2)
  - Sparkle (1.24.0)

DEPENDENCIES:
  - RxCocoa (= 6.0.0-rc.2)
  - RxSwift (= 6.0.0-rc.2)
  - Sparkle

SPEC REPOS:
  trunk:
    - RxCocoa
    - RxRelay
    - RxSwift
    - Sparkle

SPEC CHECKSUMS:
  RxCocoa: 38445a25751be5907f52f7ea02c137f52ce2e7f2
  RxRelay: b9e2483e83f46e4e7bf1234c6fe418e5c2eaf825
  RxSwift: ada35be6643bedf6881cdbd6bbfb27aeea527670
  Sparkle: 270cd27377bf04e9c128af06e3a22d0f572d6ee3

PODFILE CHECKSUM: c24b9a557c2987e0c58e5aca29b597a83a51e989

COCOAPODS: 1.10.0
