// !$*UTF8*$!
{
	archiveVersion = 1;
	classes = {
	};
	objectVersion = 46;
	objects = {

/* Begin PBXAggregateTarget section */
		F53D58A71D30B618007EDD1B /* Update */ = {
			isa = PBXAggregateTarget;
			buildConfigurationList = F53D58AA1D30B618007EDD1B /* Build configuration list for PBXAggregateTarget "Update" */;
			buildPhases = (
				F53D58AB1D30B625007EDD1B /* ShellScript */,
			);
			dependencies = (
				F53D58B11D30C24B007EDD1B /* PBXTargetDependency */,
			);
			name = Update;
			productName = Update;
		};
/* End PBXAggregateTarget section */

/* Begin PBXBuildFile section */
		F50411871C644987003311DA /* AppDelegate.swift in Sources */ = {isa = PBXBuildFile; fileRef = F50411861C644987003311DA /* AppDelegate.swift */; };
		F50411891C644987003311DA /* ViewController.swift in Sources */ = {isa = PBXBuildFile; fileRef = F50411881C644987003311DA /* ViewController.swift */; };
		F504118E1C644987003311DA /* Main.storyboard in Resources */ = {isa = PBXBuildFile; fileRef = F504118C1C644987003311DA /* Main.storyboard */; };
		F50411961C644B0C003311DA /* FileDropZone.swift in Sources */ = {isa = PBXBuildFile; fileRef = F50411951C644B0C003311DA /* FileDropZone.swift */; };
		F53A2C701D09AE160037268D /* Assets.xcassets in Resources */ = {isa = PBXBuildFile; fileRef = F504118A1C644987003311DA /* Assets.xcassets */; };
		F546B0451C660DDD00613AFE /* Localizable.strings in Resources */ = {isa = PBXBuildFile; fileRef = F546B0471C660DDD00613AFE /* Localizable.strings */; };
		F546B0491C660EB600613AFE /* StringExtension.swift in Sources */ = {isa = PBXBuildFile; fileRef = F546B0481C660EB600613AFE /* StringExtension.swift */; };
		F57F43071C64A1AA004C1EB5 /* STPrivilegedTask.m in Sources */ = {isa = PBXBuildFile; fileRef = F57F43061C64A1AA004C1EB5 /* STPrivilegedTask.m */; };
		F5A0F04B1D23ED4700D1C791 /* image.png in Resources */ = {isa = PBXBuildFile; fileRef = F5A0F04A1D23ED4700D1C791 /* image.png */; };
		F5A0F04D1D23F1B800D1C791 /* Chameleon.png in Resources */ = {isa = PBXBuildFile; fileRef = F5A0F04C1D23F1B800D1C791 /* Chameleon.png */; };
		F5A0F0551D23F90700D1C791 /* drive.png in Resources */ = {isa = PBXBuildFile; fileRef = F5A0F0541D23F90700D1C791 /* drive.png */; };
		F5A0F0571D23F96600D1C791 /* icon-osx.png in Resources */ = {isa = PBXBuildFile; fileRef = F5A0F0561D23F96600D1C791 /* icon-osx.png */; };
		F5C563E91CC49242001C00FF /* BatchProcessAPI.swift in Sources */ = {isa = PBXBuildFile; fileRef = F5C563E81CC49242001C00FF /* BatchProcessAPI.swift */; };
		F5DC2D861D2FB6B800399552 /* Sparkle.framework in Frameworks */ = {isa = PBXBuildFile; fileRef = F5DC2D851D2FB6B800399552 /* Sparkle.framework */; };
		F5DC2D891D2FD2CE00399552 /* Sparkle.framework in Copy Sparkles Frameworks */ = {isa = PBXBuildFile; fileRef = F5DC2D851D2FB6B800399552 /* Sparkle.framework */; settings = {ATTRIBUTES = (CodeSignOnCopy, RemoveHeadersOnCopy, ); }; };
		F5DC2D8C1D2FD4F600399552 /* dsa_pub.pem in Resources */ = {isa = PBXBuildFile; fileRef = F5DC2D8B1D2FD4F600399552 /* dsa_pub.pem */; };
		F5DDC8511D3181140068D755 /* Credits.rtfd in Resources */ = {isa = PBXBuildFile; fileRef = F5DDC8531D3181140068D755 /* Credits.rtfd */; };
		F5E197CF1D168D0E006620F8 /* lzvn in Resources */ = {isa = PBXBuildFile; fileRef = F5E197CE1D168374006620F8 /* lzvn */; };
/* End PBXBuildFile section */

/* Begin PBXContainerItemProxy section */
		F53D58B01D30C24B007EDD1B /* PBXContainerItemProxy */ = {
			isa = PBXContainerItemProxy;
			containerPortal = F504117B1C644987003311DA /* Project object */;
			proxyType = 1;
			remoteGlobalIDString = F50411821C644987003311DA;
			remoteInfo = LazyHackintoshGenerator;
		};
/* End PBXContainerItemProxy section */

/* Begin PBXCopyFilesBuildPhase section */
		F5DC2D881D2FD2AE00399552 /* Copy Sparkles Frameworks */ = {
			isa = PBXCopyFilesBuildPhase;
			buildActionMask = 2147483647;
			dstPath = "";
			dstSubfolderSpec = 10;
			files = (
				F5DC2D891D2FD2CE00399552 /* Sparkle.framework in Copy Sparkles Frameworks */,
			);
			name = "Copy Sparkles Frameworks";
			runOnlyForDeploymentPostprocessing = 0;
		};
/* End PBXCopyFilesBuildPhase section */

/* Begin PBXFileReference section */
		8305E2D81D2DD83E00C4BB28 /* LazyHackintoshGenerator.app.zip */ = {isa = PBXFileReference; lastKnownFileType = archive.zip; path = LazyHackintoshGenerator.app.zip; sourceTree = "<group>"; };
		F50411831C644987003311DA /* LazyHackintoshGenerator.app */ = {isa = PBXFileReference; explicitFileType = wrapper.application; includeInIndex = 0; path = LazyHackintoshGenerator.app; sourceTree = BUILT_PRODUCTS_DIR; };
		F50411861C644987003311DA /* AppDelegate.swift */ = {isa = PBXFileReference; lastKnownFileType = sourcecode.swift; path = AppDelegate.swift; sourceTree = "<group>"; };
		F50411881C644987003311DA /* ViewController.swift */ = {isa = PBXFileReference; lastKnownFileType = sourcecode.swift; lineEnding = 0; path = ViewController.swift; sourceTree = "<group>"; };
		F504118A1C644987003311DA /* Assets.xcassets */ = {isa = PBXFileReference; lastKnownFileType = folder.assetcatalog; path = Assets.xcassets; sourceTree = "<group>"; };
		F504118F1C644987003311DA /* Info.plist */ = {isa = PBXFileReference; lastKnownFileType = text.plist.xml; name = Info.plist; path = LazyHackintoshGenerator/Info.plist; sourceTree = "<group>"; };
		F50411951C644B0C003311DA /* FileDropZone.swift */ = {isa = PBXFileReference; fileEncoding = 4; lastKnownFileType = sourcecode.swift; path = FileDropZone.swift; sourceTree = "<group>"; };
		F51408A01D31170F00031502 /* zh-Hans */ = {isa = PBXFileReference; lastKnownFileType = text.plist.strings; name = "zh-Hans"; path = "zh-Hans.lproj/Main.strings"; sourceTree = "<group>"; };
		F53D64181D2FEDBF0031AEFA /* releasenotes.html */ = {isa = PBXFileReference; fileEncoding = 4; lastKnownFileType = text.html; path = releasenotes.html; sourceTree = "<group>"; };
		F546B0461C660DDD00613AFE /* en */ = {isa = PBXFileReference; lastKnownFileType = text.plist.strings; name = en; path = en.lproj/Localizable.strings; sourceTree = "<group>"; };
		F546B0481C660EB600613AFE /* StringExtension.swift */ = {isa = PBXFileReference; fileEncoding = 4; lastKnownFileType = sourcecode.swift; path = StringExtension.swift; sourceTree = "<group>"; };
		F546B04A1C6617E700613AFE /* zh-Hans */ = {isa = PBXFileReference; lastKnownFileType = text.plist.strings; name = "zh-Hans"; path = "zh-Hans.lproj/Localizable.strings"; sourceTree = "<group>"; };
		F56157E21CAA344700D1F581 /* README.md */ = {isa = PBXFileReference; fileEncoding = 4; lastKnownFileType = net.daringfireball.markdown; path = README.md; sourceTree = "<group>"; };
		F56C22281D2FD9EE00E8DE70 /* appcast.xml */ = {isa = PBXFileReference; fileEncoding = 4; lastKnownFileType = text.xml; path = appcast.xml; sourceTree = "<group>"; };
		F57F43051C64A1AA004C1EB5 /* LazyHackintoshGenerator-Bridging-Header.h */ = {isa = PBXFileReference; lastKnownFileType = sourcecode.c.h; path = "LazyHackintoshGenerator-Bridging-Header.h"; sourceTree = "<group>"; };
		F57F43061C64A1AA004C1EB5 /* STPrivilegedTask.m */ = {isa = PBXFileReference; fileEncoding = 4; lastKnownFileType = sourcecode.c.objc; name = STPrivilegedTask.m; path = LazyHackintoshGenerator/STPrivilagedTask/STPrivilegedTask.m; sourceTree = "<group>"; };
		F57F43081C64A1CE004C1EB5 /* STPrivilegedTask.h */ = {isa = PBXFileReference; lastKnownFileType = sourcecode.c.h; name = STPrivilegedTask.h; path = LazyHackintoshGenerator/STPrivilagedTask/STPrivilegedTask.h; sourceTree = "<group>"; };
		F5A0F04A1D23ED4700D1C791 /* image.png */ = {isa = PBXFileReference; lastKnownFileType = image.png; name = image.png; path = LazyHackintoshGenerator/Resources/image.png; sourceTree = "<group>"; };
		F5A0F04C1D23F1B800D1C791 /* Chameleon.png */ = {isa = PBXFileReference; lastKnownFileType = image.png; name = Chameleon.png; path = LazyHackintoshGenerator/Resources/Chameleon.png; sourceTree = "<group>"; };
		F5A0F0541D23F90700D1C791 /* drive.png */ = {isa = PBXFileReference; lastKnownFileType = image.png; name = drive.png; path = LazyHackintoshGenerator/Resources/drive.png; sourceTree = "<group>"; };
		F5A0F0561D23F96600D1C791 /* icon-osx.png */ = {isa = PBXFileReference; lastKnownFileType = image.png; name = "icon-osx.png"; path = "LazyHackintoshGenerator/Resources/icon-osx.png"; sourceTree = "<group>"; };
		F5C563E81CC49242001C00FF /* BatchProcessAPI.swift */ = {isa = PBXFileReference; fileEncoding = 4; lastKnownFileType = sourcecode.swift; path = BatchProcessAPI.swift; sourceTree = "<group>"; };
		F5C606411C66D8E30092EDA6 /* Base */ = {isa = PBXFileReference; lastKnownFileType = file.storyboard; name = Base; path = Base.lproj/Main.storyboard; sourceTree = "<group>"; };
		F5DC2D851D2FB6B800399552 /* Sparkle.framework */ = {isa = PBXFileReference; lastKnownFileType = wrapper.framework; name = Sparkle.framework; path = LazyHackintoshGenerator/Frameworks/Sparkle.framework; sourceTree = "<group>"; };
		F5DC2D8B1D2FD4F600399552 /* dsa_pub.pem */ = {isa = PBXFileReference; fileEncoding = 4; lastKnownFileType = text; name = dsa_pub.pem; path = LazyHackintoshGenerator/Resources/dsa_pub.pem; sourceTree = "<group>"; };
		F5DDC8521D3181140068D755 /* en */ = {isa = PBXFileReference; lastKnownFileType = wrapper.rtfd; name = en; path = en.lproj/Credits.rtfd; sourceTree = "<group>"; };
		F5DDC8541D31811A0068D755 /* zh-Hans */ = {isa = PBXFileReference; lastKnownFileType = wrapper.rtfd; name = "zh-Hans"; path = "zh-Hans.lproj/Credits.rtfd"; sourceTree = "<group>"; };
		F5E197CE1D168374006620F8 /* lzvn */ = {isa = PBXFileReference; lastKnownFileType = "compiled.mach-o.executable"; name = lzvn; path = LazyHackintoshGenerator/Resources/lzvn; sourceTree = "<group>"; };
/* End PBXFileReference section */

/* Begin PBXFrameworksBuildPhase section */
		F50411801C644987003311DA /* Frameworks */ = {
			isa = PBXFrameworksBuildPhase;
			buildActionMask = 2147483647;
			files = (
				F5DC2D861D2FB6B800399552 /* Sparkle.framework in Frameworks */,
			);
			runOnlyForDeploymentPostprocessing = 0;
		};
/* End PBXFrameworksBuildPhase section */

/* Begin PBXGroup section */
		8305E2D71D2DD82400C4BB28 /* Precompiled binary archive */ = {
			isa = PBXGroup;
			children = (
				8305E2D81D2DD83E00C4BB28 /* LazyHackintoshGenerator.app.zip */,
			);
			name = "Precompiled binary archive";
			sourceTree = "<group>";
		};
		834C96CC1D273FB200E2BA50 /* Introductions */ = {
			isa = PBXGroup;
			children = (
				F53D64181D2FEDBF0031AEFA /* releasenotes.html */,
				F56C22281D2FD9EE00E8DE70 /* appcast.xml */,
				F56157E21CAA344700D1F581 /* README.md */,
			);
			name = Introductions;
			sourceTree = "<group>";
		};
		83E647D81D2878A500C822D1 /* Property lists */ = {
			isa = PBXGroup;
			children = (
				F504118F1C644987003311DA /* Info.plist */,
			);
			name = "Property lists";
			sourceTree = "<group>";
		};
		F504117A1C644987003311DA = {
			isa = PBXGroup;
			children = (
				F5DC2D841D2FB69C00399552 /* Frameworks */,
				834C96CC1D273FB200E2BA50 /* Introductions */,
				F50411851C644987003311DA /* LazyHackintoshGenerator */,
				F57F43041C64A173004C1EB5 /* STPrivilegedTask */,
				83E647D81D2878A500C822D1 /* Property lists */,
				F5DC2D8A1D2FD4CD00399552 /* Resources */,
				8305E2D71D2DD82400C4BB28 /* Precompiled binary archive */,
				F50411841C644987003311DA /* Products */,
			);
			sourceTree = "<group>";
			usesTabs = 0;
		};
		F50411841C644987003311DA /* Products */ = {
			isa = PBXGroup;
			children = (
				F50411831C644987003311DA /* LazyHackintoshGenerator.app */,
			);
			name = Products;
			sourceTree = "<group>";
		};
		F50411851C644987003311DA /* LazyHackintoshGenerator */ = {
			isa = PBXGroup;
			children = (
				F50411861C644987003311DA /* AppDelegate.swift */,
				F546B0481C660EB600613AFE /* StringExtension.swift */,
				F50411881C644987003311DA /* ViewController.swift */,
				F5C563E81CC49242001C00FF /* BatchProcessAPI.swift */,
				F50411951C644B0C003311DA /* FileDropZone.swift */,
				F504118C1C644987003311DA /* Main.storyboard */,
				F504118A1C644987003311DA /* Assets.xcassets */,
				F546B0471C660DDD00613AFE /* Localizable.strings */,
			);
			path = LazyHackintoshGenerator;
			sourceTree = "<group>";
		};
		F57F43041C64A173004C1EB5 /* STPrivilegedTask */ = {
			isa = PBXGroup;
			children = (
				F57F43061C64A1AA004C1EB5 /* STPrivilegedTask.m */,
				F57F43081C64A1CE004C1EB5 /* STPrivilegedTask.h */,
				F57F43051C64A1AA004C1EB5 /* LazyHackintoshGenerator-Bridging-Header.h */,
			);
			name = STPrivilegedTask;
			sourceTree = "<group>";
		};
		F5A0F0491D23ED3800D1C791 /* Pictures */ = {
			isa = PBXGroup;
			children = (
				F5A0F0561D23F96600D1C791 /* icon-osx.png */,
				F5A0F0541D23F90700D1C791 /* drive.png */,
				F5A0F04C1D23F1B800D1C791 /* Chameleon.png */,
				F5A0F04A1D23ED4700D1C791 /* image.png */,
			);
			name = Pictures;
			sourceTree = "<group>";
		};
		F5D4A3371D25A1110013EB42 /* Supporting Files */ = {
			isa = PBXGroup;
			children = (
				F5DDC8531D3181140068D755 /* Credits.rtfd */,
			);
			name = "Supporting Files";
			sourceTree = "<group>";
		};
		F5DC2D841D2FB69C00399552 /* Frameworks */ = {
			isa = PBXGroup;
			children = (
				F5DC2D851D2FB6B800399552 /* Sparkle.framework */,
			);
			name = Frameworks;
			sourceTree = "<group>";
		};
		F5DC2D8A1D2FD4CD00399552 /* Resources */ = {
			isa = PBXGroup;
			children = (
				F5DC2D8B1D2FD4F600399552 /* dsa_pub.pem */,
				F5A0F0491D23ED3800D1C791 /* Pictures */,
				F5D4A3371D25A1110013EB42 /* Supporting Files */,
				F5E197CD1D168351006620F8 /* Executable files */,
			);
			name = Resources;
			sourceTree = "<group>";
		};
		F5E197CD1D168351006620F8 /* Executable files */ = {
			isa = PBXGroup;
			children = (
				F5E197CE1D168374006620F8 /* lzvn */,
			);
			name = "Executable files";
			sourceTree = "<group>";
		};
/* End PBXGroup section */

/* Begin PBXNativeTarget section */
		F50411821C644987003311DA /* LazyHackintoshGenerator */ = {
			isa = PBXNativeTarget;
			buildConfigurationList = F50411921C644987003311DA /* Build configuration list for PBXNativeTarget "LazyHackintoshGenerator" */;
			buildPhases = (
				F504117F1C644987003311DA /* Sources */,
				F50411801C644987003311DA /* Frameworks */,
				F5DC2D881D2FD2AE00399552 /* Copy Sparkles Frameworks */,
				F50411811C644987003311DA /* Resources */,
				F5AFF7341D150D4100FFDD73 /* Update Version Number */,
			);
			buildRules = (
			);
			dependencies = (
			);
			name = LazyHackintoshGenerator;
			productName = LazyHackintoshGenerator;
			productReference = F50411831C644987003311DA /* LazyHackintoshGenerator.app */;
			productType = "com.apple.product-type.application";
		};
/* End PBXNativeTarget section */

/* Begin PBXProject section */
		F504117B1C644987003311DA /* Project object */ = {
			isa = PBXProject;
			attributes = {
				LastSwiftUpdateCheck = 0720;
				LastUpgradeCheck = 0720;
				ORGANIZATIONNAME = PCBeta;
				TargetAttributes = {
					F50411821C644987003311DA = {
						CreatedOnToolsVersion = 7.2;
					};
					F53D58A71D30B618007EDD1B = {
						CreatedOnToolsVersion = 7.3.1;
					};
				};
			};
			buildConfigurationList = F504117E1C644987003311DA /* Build configuration list for PBXProject "LazyHackintoshGenerator" */;
			compatibilityVersion = "Xcode 3.2";
			developmentRegion = English;
			hasScannedForEncodings = 0;
			knownRegions = (
				"zh-Hans",
				Base,
				en,
			);
			mainGroup = F504117A1C644987003311DA;
			productRefGroup = F50411841C644987003311DA /* Products */;
			projectDirPath = "";
			projectRoot = "";
			targets = (
				F50411821C644987003311DA /* LazyHackintoshGenerator */,
				F53D58A71D30B618007EDD1B /* Update */,
			);
		};
/* End PBXProject section */

/* Begin PBXResourcesBuildPhase section */
		F50411811C644987003311DA /* Resources */ = {
			isa = PBXResourcesBuildPhase;
			buildActionMask = 2147483647;
			files = (
				F546B0451C660DDD00613AFE /* Localizable.strings in Resources */,
				F53A2C701D09AE160037268D /* Assets.xcassets in Resources */,
				F5E197CF1D168D0E006620F8 /* lzvn in Resources */,
				F504118E1C644987003311DA /* Main.storyboard in Resources */,
				F5A0F04D1D23F1B800D1C791 /* Chameleon.png in Resources */,
				F5DC2D8C1D2FD4F600399552 /* dsa_pub.pem in Resources */,
				F5A0F0551D23F90700D1C791 /* drive.png in Resources */,
				F5DDC8511D3181140068D755 /* Credits.rtfd in Resources */,
				F5A0F04B1D23ED4700D1C791 /* image.png in Resources */,
				F5A0F0571D23F96600D1C791 /* icon-osx.png in Resources */,
			);
			runOnlyForDeploymentPostprocessing = 0;
		};
/* End PBXResourcesBuildPhase section */

/* Begin PBXShellScriptBuildPhase section */
		F53D58AB1D30B625007EDD1B /* ShellScript */ = {
			isa = PBXShellScriptBuildPhase;
			buildActionMask = 12;
			files = (
			);
			inputPaths = (
			);
			outputPaths = (
			);
			runOnlyForDeploymentPostprocessing = 0;
			shellPath = /bin/bash;
			shellScript = "set -o errexit\n\n[ $CONFIGURATION = Release ] || { echo Distribution target requires \"'Release'\" build style; false; }\n\nVERSION=$(defaults read \"$BUILT_PRODUCTS_DIR/$PROJECT_NAME.app/Contents/Info\" CFBundleVersion)\nSHORTVERSION=$(defaults read \"$BUILT_PRODUCTS_DIR/$PROJECT_NAME.app/Contents/Info\" CFBundleShortVersionString)\nDOWNLOAD_BASE_URL=\"https://raw.githubusercontent.com/arslan2012/Lazy-Hackintosh-Image-Generator/master/\"\nRELEASENOTES_URL=\"https://raw.githubusercontent.com/arslan2012/Lazy-Hackintosh-Image-Generator/master/releasenotes.html\"\n\nARCHIVE_FILENAME=\"$PROJECT_NAME.app.zip\"\nDOWNLOAD_URL=\"$DOWNLOAD_BASE_URL/$ARCHIVE_FILENAME\"\nKEYCHAIN=\"${HOME}/dsa_priv.pem\"\n\ncd \"$BUILT_PRODUCTS_DIR\"\nrm -f \"$PROJECT_NAME\"*.zip\nditto -ck --keepParent \"$PROJECT_NAME.app\" \"$ARCHIVE_FILENAME\"\n\nSIZE=$(stat -f %z \"$ARCHIVE_FILENAME\")\nPUBDATE=$(LC_TIME=en_US date +\"%a, %d %b %G %T %z\")\nSIGNATURE=$(\nopenssl dgst -sha1 -binary < \"$ARCHIVE_FILENAME\" \\\n| openssl dgst -dss1 -sign \"$KEYCHAIN\" | openssl enc -base64\n)\n\n[ $SIGNATURE ] || { echo Unable to load signing private key with name \"'$KEYCHAIN'\" from keychain; false; }\nrm $SRCROOT/appcast.xml\ncat <<EOF >> $SRCROOT/appcast.xml\n<?xml version=\"1.0\" encoding=\"utf-8\"?>\n<rss version=\"2.0\" xmlns:sparkle=\"http://www.andymatuschak.org/xml-namespaces/sparkle\" xmlns:dc=\"http://purl.org/dc/elements/1.1/\">\n<channel>\n<title>Changelog</title>\n<link>https://raw.githubusercontent.com/arslan2012/Lazy-Hackintosh-Image-Generator/master/appcast.xml</link>\n<description>added auto update feature</description>\n<language>en</language>\n<item>\n<title>Version $VERSION</title>\n<sparkle:releaseNotesLink>$RELEASENOTES_URL</sparkle:releaseNotesLink>\n<pubDate>$PUBDATE</pubDate>\n<enclosure\nurl=\"$DOWNLOAD_URL\"\nsparkle:version=\"$VERSION\"\nsparkle:shortVersionString=\"$SHORTVERSION\"\ntype=\"application/octet-stream\"\nlength=\"$SIZE\"\nsparkle:dsaSignature=\"$SIGNATURE\"\n/>\n</item>\n</channel>\n</rss>\nEOF\n\nmv \"$BUILT_PRODUCTS_DIR/$ARCHIVE_FILENAME\" $SRCROOT";
		};
		F5AFF7341D150D4100FFDD73 /* Update Version Number */ = {
			isa = PBXShellScriptBuildPhase;
			buildActionMask = 2147483647;
			files = (
			);
			inputPaths = (
			);
			name = "Update Version Number";
			outputPaths = (
			);
			runOnlyForDeploymentPostprocessing = 0;
			shellPath = /bin/bash;
			shellScript = "git=$(sh /etc/profile; which git)\nnumber_of_commits=$(\"$git\" rev-list HEAD --count)\nnumber_of_commits=$((number_of_commits-100))\ngit_release_version=$(\"$git\" describe --tags --always --abbrev=0)\n\ntarget_plist=\"$TARGET_BUILD_DIR/$INFOPLIST_PATH\"\ndsym_plist=\"$DWARF_DSYM_FOLDER_PATH/$DWARF_DSYM_FILE_NAME/Contents/Info.plist\"\n\nfor plist in \"$target_plist\" \"$dsym_plist\"; do\nif [ -f \"$plist\" ]; then\n/usr/libexec/PlistBuddy -c \"Set :CFBundleVersion $number_of_commits\" \"$plist\"\n/usr/libexec/PlistBuddy -c \"Set :CFBundleShortVersionString ${git_release_version#*v}\" \"$plist\"\nfi\ndone";
		};
/* End PBXShellScriptBuildPhase section */

/* Begin PBXSourcesBuildPhase section */
		F504117F1C644987003311DA /* Sources */ = {
			isa = PBXSourcesBuildPhase;
			buildActionMask = 2147483647;
			files = (
				F50411891C644987003311DA /* ViewController.swift in Sources */,
				F50411871C644987003311DA /* AppDelegate.swift in Sources */,
				F546B0491C660EB600613AFE /* StringExtension.swift in Sources */,
				F57F43071C64A1AA004C1EB5 /* STPrivilegedTask.m in Sources */,
				F50411961C644B0C003311DA /* FileDropZone.swift in Sources */,
				F5C563E91CC49242001C00FF /* BatchProcessAPI.swift in Sources */,
			);
			runOnlyForDeploymentPostprocessing = 0;
		};
/* End PBXSourcesBuildPhase section */

/* Begin PBXTargetDependency section */
		F53D58B11D30C24B007EDD1B /* PBXTargetDependency */ = {
			isa = PBXTargetDependency;
			target = F50411821C644987003311DA /* LazyHackintoshGenerator */;
			targetProxy = F53D58B01D30C24B007EDD1B /* PBXContainerItemProxy */;
		};
/* End PBXTargetDependency section */

/* Begin PBXVariantGroup section */
		F504118C1C644987003311DA /* Main.storyboard */ = {
			isa = PBXVariantGroup;
			children = (
				F5C606411C66D8E30092EDA6 /* Base */,
				F51408A01D31170F00031502 /* zh-Hans */,
			);
			name = Main.storyboard;
			sourceTree = "<group>";
		};
		F546B0471C660DDD00613AFE /* Localizable.strings */ = {
			isa = PBXVariantGroup;
			children = (
				F546B0461C660DDD00613AFE /* en */,
				F546B04A1C6617E700613AFE /* zh-Hans */,
			);
			name = Localizable.strings;
			sourceTree = "<group>";
		};
		F5DDC8531D3181140068D755 /* Credits.rtfd */ = {
			isa = PBXVariantGroup;
			children = (
				F5DDC8521D3181140068D755 /* en */,
				F5DDC8541D31811A0068D755 /* zh-Hans */,
			);
			name = Credits.rtfd;
			path = LazyHackintoshGenerator;
			sourceTree = "<group>";
		};
/* End PBXVariantGroup section */

/* Begin XCBuildConfiguration section */
		F50411901C644987003311DA /* Debug */ = {
			isa = XCBuildConfiguration;
			buildSettings = {
				ALWAYS_SEARCH_USER_PATHS = NO;
				CLANG_CXX_LANGUAGE_STANDARD = "gnu++0x";
				CLANG_CXX_LIBRARY = "libc++";
				CLANG_ENABLE_MODULES = YES;
				CLANG_ENABLE_OBJC_ARC = YES;
				CLANG_WARN_BOOL_CONVERSION = YES;
				CLANG_WARN_CONSTANT_CONVERSION = YES;
				CLANG_WARN_DIRECT_OBJC_ISA_USAGE = YES_ERROR;
				CLANG_WARN_EMPTY_BODY = YES;
				CLANG_WARN_ENUM_CONVERSION = YES;
				CLANG_WARN_INT_CONVERSION = YES;
				CLANG_WARN_OBJC_ROOT_CLASS = YES_ERROR;
				CLANG_WARN_UNREACHABLE_CODE = YES;
				CLANG_WARN__DUPLICATE_METHOD_MATCH = YES;
				CODE_SIGN_IDENTITY = "";
				COPY_PHASE_STRIP = NO;
				DEBUG_INFORMATION_FORMAT = dwarf;
				EMBED_ASSET_PACKS_IN_PRODUCT_BUNDLE = YES;
				ENABLE_STRICT_OBJC_MSGSEND = YES;
				ENABLE_TESTABILITY = YES;
				GCC_C_LANGUAGE_STANDARD = gnu99;
				GCC_DYNAMIC_NO_PIC = NO;
				GCC_NO_COMMON_BLOCKS = YES;
				GCC_OPTIMIZATION_LEVEL = 0;
				GCC_PREPROCESSOR_DEFINITIONS = (
					"DEBUG=1",
					"$(inherited)",
				);
				GCC_WARN_64_TO_32_BIT_CONVERSION = YES;
				GCC_WARN_ABOUT_RETURN_TYPE = YES_ERROR;
				GCC_WARN_UNDECLARED_SELECTOR = YES;
				GCC_WARN_UNINITIALIZED_AUTOS = YES_AGGRESSIVE;
				GCC_WARN_UNUSED_FUNCTION = YES;
				GCC_WARN_UNUSED_VARIABLE = YES;
				MACOSX_DEPLOYMENT_TARGET = 10.10;
				MTL_ENABLE_DEBUG_INFO = NO;
				ONLY_ACTIVE_ARCH = YES;
				SDKROOT = macosx;
				SWIFT_OPTIMIZATION_LEVEL = "-Onone";
			};
			name = Debug;
		};
		F50411911C644987003311DA /* Release */ = {
			isa = XCBuildConfiguration;
			buildSettings = {
				ALWAYS_SEARCH_USER_PATHS = NO;
				CLANG_CXX_LANGUAGE_STANDARD = "gnu++0x";
				CLANG_CXX_LIBRARY = "libc++";
				CLANG_ENABLE_MODULES = YES;
				CLANG_ENABLE_OBJC_ARC = YES;
				CLANG_WARN_BOOL_CONVERSION = YES;
				CLANG_WARN_CONSTANT_CONVERSION = YES;
				CLANG_WARN_DIRECT_OBJC_ISA_USAGE = YES_ERROR;
				CLANG_WARN_EMPTY_BODY = YES;
				CLANG_WARN_ENUM_CONVERSION = YES;
				CLANG_WARN_INT_CONVERSION = YES;
				CLANG_WARN_OBJC_ROOT_CLASS = YES_ERROR;
				CLANG_WARN_UNREACHABLE_CODE = YES;
				CLANG_WARN__DUPLICATE_METHOD_MATCH = YES;
				CODE_SIGN_IDENTITY = "";
				COPY_PHASE_STRIP = NO;
				DEBUG_INFORMATION_FORMAT = "dwarf-with-dsym";
				EMBED_ASSET_PACKS_IN_PRODUCT_BUNDLE = YES;
				ENABLE_NS_ASSERTIONS = NO;
				ENABLE_STRICT_OBJC_MSGSEND = YES;
				GCC_C_LANGUAGE_STANDARD = gnu99;
				GCC_NO_COMMON_BLOCKS = YES;
				GCC_WARN_64_TO_32_BIT_CONVERSION = YES;
				GCC_WARN_ABOUT_RETURN_TYPE = YES_ERROR;
				GCC_WARN_UNDECLARED_SELECTOR = YES;
				GCC_WARN_UNINITIALIZED_AUTOS = YES_AGGRESSIVE;
				GCC_WARN_UNUSED_FUNCTION = YES;
				GCC_WARN_UNUSED_VARIABLE = YES;
				MACOSX_DEPLOYMENT_TARGET = 10.10;
				MTL_ENABLE_DEBUG_INFO = YES;
				SDKROOT = macosx;
				SWIFT_OPTIMIZATION_LEVEL = "-Owholemodule";
			};
			name = Release;
		};
		F50411931C644987003311DA /* Debug */ = {
			isa = XCBuildConfiguration;
			buildSettings = {
				ASSETCATALOG_COMPILER_APPICON_NAME = AppIcon;
				CLANG_ENABLE_MODULES = YES;
				COMBINE_HIDPI_IMAGES = YES;
				FRAMEWORK_SEARCH_PATHS = (
					"$(inherited)",
					"$(PROJECT_DIR)/LazyHackintoshGenerator/Frameworks",
				);
				INFOPLIST_FILE = LazyHackintoshGenerator/Info.plist;
				LD_RUNPATH_SEARCH_PATHS = "$(inherited) @executable_path/../Frameworks @loader_path/../Frameworks";
				MACOSX_DEPLOYMENT_TARGET = 10.10;
				MTL_ENABLE_DEBUG_INFO = NO;
				OTHER_LDFLAGS = "";
				PRODUCT_BUNDLE_IDENTIFIER = com.PCBeta.LazyHackintoshGenerator;
				PRODUCT_NAME = "$(TARGET_NAME)";
				SWIFT_OBJC_BRIDGING_HEADER = "LazyHackintoshGenerator-Bridging-Header.h";
				SWIFT_OPTIMIZATION_LEVEL = "-Owholemodule";
				VALID_ARCHS = x86_64;
			};
			name = Debug;
		};
		F50411941C644987003311DA /* Release */ = {
			isa = XCBuildConfiguration;
			buildSettings = {
				ASSETCATALOG_COMPILER_APPICON_NAME = AppIcon;
				CLANG_ENABLE_MODULES = YES;
				COMBINE_HIDPI_IMAGES = YES;
				FRAMEWORK_SEARCH_PATHS = (
					"$(inherited)",
					"$(PROJECT_DIR)/LazyHackintoshGenerator/Frameworks",
				);
				INFOPLIST_FILE = LazyHackintoshGenerator/Info.plist;
				LD_RUNPATH_SEARCH_PATHS = "$(inherited) @executable_path/../Frameworks @loader_path/../Frameworks";
				MACOSX_DEPLOYMENT_TARGET = 10.10;
				MTL_ENABLE_DEBUG_INFO = NO;
				OTHER_LDFLAGS = "";
				PRODUCT_BUNDLE_IDENTIFIER = com.PCBeta.LazyHackintoshGenerator;
				PRODUCT_NAME = "$(TARGET_NAME)";
				SWIFT_OBJC_BRIDGING_HEADER = "LazyHackintoshGenerator-Bridging-Header.h";
				SWIFT_OPTIMIZATION_LEVEL = "-Owholemodule";
				VALID_ARCHS = x86_64;
			};
			name = Release;
		};
		F53D58A81D30B618007EDD1B /* Debug */ = {
			isa = XCBuildConfiguration;
			buildSettings = {
				PRODUCT_NAME = "$(TARGET_NAME)";
			};
			name = Debug;
		};
		F53D58A91D30B618007EDD1B /* Release */ = {
			isa = XCBuildConfiguration;
			buildSettings = {
				PRODUCT_NAME = "$(TARGET_NAME)";
			};
			name = Release;
		};
/* End XCBuildConfiguration section */

/* Begin XCConfigurationList section */
		F504117E1C644987003311DA /* Build configuration list for PBXProject "LazyHackintoshGenerator" */ = {
			isa = XCConfigurationList;
			buildConfigurations = (
				F50411901C644987003311DA /* Debug */,
				F50411911C644987003311DA /* Release */,
			);
			defaultConfigurationIsVisible = 0;
			defaultConfigurationName = Release;
		};
		F50411921C644987003311DA /* Build configuration list for PBXNativeTarget "LazyHackintoshGenerator" */ = {
			isa = XCConfigurationList;
			buildConfigurations = (
				F50411931C644987003311DA /* Debug */,
				F50411941C644987003311DA /* Release */,
			);
			defaultConfigurationIsVisible = 0;
			defaultConfigurationName = Release;
		};
		F53D58AA1D30B618007EDD1B /* Build configuration list for PBXAggregateTarget "Update" */ = {
			isa = XCConfigurationList;
			buildConfigurations = (
				F53D58A81D30B618007EDD1B /* Debug */,
				F53D58A91D30B618007EDD1B /* Release */,
			);
			defaultConfigurationIsVisible = 0;
			defaultConfigurationName = Release;
		};
/* End XCConfigurationList section */
	};
	rootObject = F504117B1C644987003311DA /* Project object */;
}
