// !$*UTF8*$!
{
	archiveVersion = 1;
	classes = {
	};
	objectVersion = 46;
	objects = {

/* Begin PBXBuildFile section */
		F50411871C644987003311DA /* AppDelegate.swift in Sources */ = {isa = PBXBuildFile; fileRef = F50411861C644987003311DA /* AppDelegate.swift */; };
		F50411891C644987003311DA /* ViewController.swift in Sources */ = {isa = PBXBuildFile; fileRef = F50411881C644987003311DA /* ViewController.swift */; };
		F504118E1C644987003311DA /* Main.storyboard in Resources */ = {isa = PBXBuildFile; fileRef = F504118C1C644987003311DA /* Main.storyboard */; };
		F50411961C644B0C003311DA /* FileDropZone.swift in Sources */ = {isa = PBXBuildFile; fileRef = F50411951C644B0C003311DA /* FileDropZone.swift */; };
		F53A2C701D09AE160037268D /* Assets.xcassets in Resources */ = {isa = PBXBuildFile; fileRef = F504118A1C644987003311DA /* Assets.xcassets */; };
		F546B0451C660DDD00613AFE /* Localizable.strings in Resources */ = {isa = PBXBuildFile; fileRef = F546B0471C660DDD00613AFE /* Localizable.strings */; };
		F546B0491C660EB600613AFE /* StringExtension.swift in Sources */ = {isa = PBXBuildFile; fileRef = F546B0481C660EB600613AFE /* StringExtension.swift */; };
		F57F43071C64A1AA004C1EB5 /* STPrivilegedTask.m in Sources */ = {isa = PBXBuildFile; fileRef = F57F43061C64A1AA004C1EB5 /* STPrivilegedTask.m */; };
		F5C563E91CC49242001C00FF /* BatchProcessAPI.swift in Sources */ = {isa = PBXBuildFile; fileRef = F5C563E81CC49242001C00FF /* BatchProcessAPI.swift */; };
/* End PBXBuildFile section */

/* Begin PBXFileReference section */
		F50411831C644987003311DA /* LazyHackintoshGenerator.app */ = {isa = PBXFileReference; explicitFileType = wrapper.application; includeInIndex = 0; path = LazyHackintoshGenerator.app; sourceTree = BUILT_PRODUCTS_DIR; };
		F50411861C644987003311DA /* AppDelegate.swift */ = {isa = PBXFileReference; lastKnownFileType = sourcecode.swift; path = AppDelegate.swift; sourceTree = "<group>"; };
		F50411881C644987003311DA /* ViewController.swift */ = {isa = PBXFileReference; lastKnownFileType = sourcecode.swift; path = ViewController.swift; sourceTree = "<group>"; };
		F504118A1C644987003311DA /* Assets.xcassets */ = {isa = PBXFileReference; lastKnownFileType = folder.assetcatalog; path = Assets.xcassets; sourceTree = "<group>"; };
		F504118F1C644987003311DA /* Info.plist */ = {isa = PBXFileReference; lastKnownFileType = text.plist.xml; path = Info.plist; sourceTree = "<group>"; };
		F50411951C644B0C003311DA /* FileDropZone.swift */ = {isa = PBXFileReference; fileEncoding = 4; lastKnownFileType = sourcecode.swift; path = FileDropZone.swift; sourceTree = "<group>"; };
		F546B0461C660DDD00613AFE /* en */ = {isa = PBXFileReference; lastKnownFileType = text.plist.strings; name = en; path = en.lproj/Localizable.strings; sourceTree = "<group>"; };
		F546B0481C660EB600613AFE /* StringExtension.swift */ = {isa = PBXFileReference; fileEncoding = 4; lastKnownFileType = sourcecode.swift; name = StringExtension.swift; path = ../StringExtension.swift; sourceTree = "<group>"; };
		F546B04A1C6617E700613AFE /* zh-Hans */ = {isa = PBXFileReference; lastKnownFileType = text.plist.strings; name = "zh-Hans"; path = "zh-Hans.lproj/Localizable.strings"; sourceTree = "<group>"; };
		F56157E21CAA344700D1F581 /* README.md */ = {isa = PBXFileReference; fileEncoding = 4; lastKnownFileType = net.daringfireball.markdown; path = README.md; sourceTree = "<group>"; };
		F57F43051C64A1AA004C1EB5 /* LazyHackintoshGenerator-Bridging-Header.h */ = {isa = PBXFileReference; lastKnownFileType = sourcecode.c.h; path = "LazyHackintoshGenerator-Bridging-Header.h"; sourceTree = "<group>"; };
		F57F43061C64A1AA004C1EB5 /* STPrivilegedTask.m */ = {isa = PBXFileReference; fileEncoding = 4; lastKnownFileType = sourcecode.c.objc; path = STPrivilegedTask.m; sourceTree = "<group>"; };
		F57F43081C64A1CE004C1EB5 /* STPrivilegedTask.h */ = {isa = PBXFileReference; lastKnownFileType = sourcecode.c.h; path = STPrivilegedTask.h; sourceTree = "<group>"; };
		F5C563E81CC49242001C00FF /* BatchProcessAPI.swift */ = {isa = PBXFileReference; fileEncoding = 4; lastKnownFileType = sourcecode.swift; path = BatchProcessAPI.swift; sourceTree = "<group>"; };
		F5C606411C66D8E30092EDA6 /* Base */ = {isa = PBXFileReference; lastKnownFileType = file.storyboard; name = Base; path = Base.lproj/Main.storyboard; sourceTree = "<group>"; };
		F5F32FBE1D0AABA6000F8059 /* ja */ = {isa = PBXFileReference; lastKnownFileType = file.storyboard; name = ja; path = ja.lproj/Main.storyboard; sourceTree = "<group>"; };
		F5F32FC01D0AABAE000F8059 /* zh-Hans */ = {isa = PBXFileReference; lastKnownFileType = file.storyboard; name = "zh-Hans"; path = "zh-Hans.lproj/Main.storyboard"; sourceTree = "<group>"; };
		F5FA59151D0A5785001F7542 /* ja */ = {isa = PBXFileReference; lastKnownFileType = text.plist.strings; name = ja; path = ja.lproj/Localizable.strings; sourceTree = "<group>"; };
/* End PBXFileReference section */

/* Begin PBXFrameworksBuildPhase section */
		F50411801C644987003311DA /* Frameworks */ = {
			isa = PBXFrameworksBuildPhase;
			buildActionMask = 2147483647;
			files = (
			);
			runOnlyForDeploymentPostprocessing = 0;
		};
/* End PBXFrameworksBuildPhase section */

/* Begin PBXGroup section */
		F504117A1C644987003311DA = {
			isa = PBXGroup;
			children = (
				F56157E21CAA344700D1F581 /* README.md */,
				F57F43041C64A173004C1EB5 /* STPrivilegedTask */,
				F50411851C644987003311DA /* LazyHackintoshGenerator */,
				F50411841C644987003311DA /* Products */,
			);
			sourceTree = "<group>";
		};
		F50411841C644987003311DA /* Products */ = {
			isa = PBXGroup;
			children = (
				F50411831C644987003311DA /* LazyHackintoshGenerator.app */,
			);
			name = Products;
			sourceTree = "<group>";
		};
		F50411851C644987003311DA /* LazyHackintoshGenerator */ = {
			isa = PBXGroup;
			children = (
				F50411861C644987003311DA /* AppDelegate.swift */,
				F546B0481C660EB600613AFE /* StringExtension.swift */,
				F50411881C644987003311DA /* ViewController.swift */,
				F5C563E81CC49242001C00FF /* BatchProcessAPI.swift */,
				F546B0471C660DDD00613AFE /* Localizable.strings */,
				F504118A1C644987003311DA /* Assets.xcassets */,
				F504118C1C644987003311DA /* Main.storyboard */,
				F50411951C644B0C003311DA /* FileDropZone.swift */,
				F504118F1C644987003311DA /* Info.plist */,
			);
			path = LazyHackintoshGenerator;
			sourceTree = "<group>";
		};
		F57F43041C64A173004C1EB5 /* STPrivilegedTask */ = {
			isa = PBXGroup;
			children = (
				F57F43061C64A1AA004C1EB5 /* STPrivilegedTask.m */,
				F57F43081C64A1CE004C1EB5 /* STPrivilegedTask.h */,
				F57F43051C64A1AA004C1EB5 /* LazyHackintoshGenerator-Bridging-Header.h */,
			);
			name = STPrivilegedTask;
			sourceTree = "<group>";
		};
/* End PBXGroup section */

/* Begin PBXNativeTarget section */
		F50411821C644987003311DA /* LazyHackintoshGenerator */ = {
			isa = PBXNativeTarget;
			buildConfigurationList = F50411921C644987003311DA /* Build configuration list for PBXNativeTarget "LazyHackintoshGenerator" */;
			buildPhases = (
				F504117F1C644987003311DA /* Sources */,
				F50411801C644987003311DA /* Frameworks */,
				F50411811C644987003311DA /* Resources */,
			);
			buildRules = (
			);
			dependencies = (
			);
			name = LazyHackintoshGenerator;
			productName = LazyHackintoshGenerator;
			productReference = F50411831C644987003311DA /* LazyHackintoshGenerator.app */;
			productType = "com.apple.product-type.application";
		};
/* End PBXNativeTarget section */

/* Begin PBXProject section */
		F504117B1C644987003311DA /* Project object */ = {
			isa = PBXProject;
			attributes = {
				LastSwiftUpdateCheck = 0720;
				LastUpgradeCheck = 0720;
				ORGANIZATIONNAME = PCBETA;
				TargetAttributes = {
					F50411821C644987003311DA = {
						CreatedOnToolsVersion = 7.2;
					};
				};
			};
			buildConfigurationList = F504117E1C644987003311DA /* Build configuration list for PBXProject "LazyHackintoshGenerator" */;
			compatibilityVersion = "Xcode 3.2";
			developmentRegion = English;
			hasScannedForEncodings = 0;
			knownRegions = (
				"zh-Hans",
				Base,
				ja,
			);
			mainGroup = F504117A1C644987003311DA;
			productRefGroup = F50411841C644987003311DA /* Products */;
			projectDirPath = "";
			projectRoot = "";
			targets = (
				F50411821C644987003311DA /* LazyHackintoshGenerator */,
			);
		};
/* End PBXProject section */

/* Begin PBXResourcesBuildPhase section */
		F50411811C644987003311DA /* Resources */ = {
			isa = PBXResourcesBuildPhase;
			buildActionMask = 2147483647;
			files = (
				F546B0451C660DDD00613AFE /* Localizable.strings in Resources */,
				F53A2C701D09AE160037268D /* Assets.xcassets in Resources */,
				F504118E1C644987003311DA /* Main.storyboard in Resources */,
			);
			runOnlyForDeploymentPostprocessing = 0;
		};
/* End PBXResourcesBuildPhase section */

/* Begin PBXSourcesBuildPhase section */
		F504117F1C644987003311DA /* Sources */ = {
			isa = PBXSourcesBuildPhase;
			buildActionMask = 2147483647;
			files = (
				F50411891C644987003311DA /* ViewController.swift in Sources */,
				F50411871C644987003311DA /* AppDelegate.swift in Sources */,
				F546B0491C660EB600613AFE /* StringExtension.swift in Sources */,
				F57F43071C64A1AA004C1EB5 /* STPrivilegedTask.m in Sources */,
				F50411961C644B0C003311DA /* FileDropZone.swift in Sources */,
				F5C563E91CC49242001C00FF /* BatchProcessAPI.swift in Sources */,
			);
			runOnlyForDeploymentPostprocessing = 0;
		};
/* End PBXSourcesBuildPhase section */

/* Begin PBXVariantGroup section */
		F504118C1C644987003311DA /* Main.storyboard */ = {
			isa = PBXVariantGroup;
			children = (
				F5C606411C66D8E30092EDA6 /* Base */,
				F5F32FBE1D0AABA6000F8059 /* ja */,
				F5F32FC01D0AABAE000F8059 /* zh-Hans */,
			);
			name = Main.storyboard;
			sourceTree = "<group>";
		};
		F546B0471C660DDD00613AFE /* Localizable.strings */ = {
			isa = PBXVariantGroup;
			children = (
				F546B0461C660DDD00613AFE /* en */,
				F546B04A1C6617E700613AFE /* zh-Hans */,
				F5FA59151D0A5785001F7542 /* ja */,
			);
			name = Localizable.strings;
			sourceTree = "<group>";
		};
/* End PBXVariantGroup section */

/* Begin XCBuildConfiguration section */
		F50411901C644987003311DA /* Debug */ = {
			isa = XCBuildConfiguration;
			buildSettings = {
				ALWAYS_SEARCH_USER_PATHS = NO;
				CLANG_CXX_LANGUAGE_STANDARD = "gnu++0x";
				CLANG_CXX_LIBRARY = "libc++";
				CLANG_ENABLE_MODULES = YES;
				CLANG_ENABLE_OBJC_ARC = YES;
				CLANG_WARN_BOOL_CONVERSION = YES;
				CLANG_WARN_CONSTANT_CONVERSION = YES;
				CLANG_WARN_DIRECT_OBJC_ISA_USAGE = YES_ERROR;
				CLANG_WARN_EMPTY_BODY = YES;
				CLANG_WARN_ENUM_CONVERSION = YES;
				CLANG_WARN_INT_CONVERSION = YES;
				CLANG_WARN_OBJC_ROOT_CLASS = YES_ERROR;
				CLANG_WARN_UNREACHABLE_CODE = YES;
				CLANG_WARN__DUPLICATE_METHOD_MATCH = YES;
				CODE_SIGN_IDENTITY = "";
				COPY_PHASE_STRIP = NO;
				DEBUG_INFORMATION_FORMAT = dwarf;
				EMBED_ASSET_PACKS_IN_PRODUCT_BUNDLE = YES;
				ENABLE_STRICT_OBJC_MSGSEND = YES;
				ENABLE_TESTABILITY = YES;
				GCC_C_LANGUAGE_STANDARD = gnu99;
				GCC_DYNAMIC_NO_PIC = NO;
				GCC_NO_COMMON_BLOCKS = YES;
				GCC_OPTIMIZATION_LEVEL = 0;
				GCC_PREPROCESSOR_DEFINITIONS = (
					"DEBUG=1",
					"$(inherited)",
				);
				GCC_WARN_64_TO_32_BIT_CONVERSION = YES;
				GCC_WARN_ABOUT_RETURN_TYPE = YES_ERROR;
				GCC_WARN_UNDECLARED_SELECTOR = YES;
				GCC_WARN_UNINITIALIZED_AUTOS = YES_AGGRESSIVE;
				GCC_WARN_UNUSED_FUNCTION = YES;
				GCC_WARN_UNUSED_VARIABLE = YES;
				MACOSX_DEPLOYMENT_TARGET = 10.10;
				MTL_ENABLE_DEBUG_INFO = YES;
				ONLY_ACTIVE_ARCH = YES;
				SDKROOT = macosx;
				SWIFT_OPTIMIZATION_LEVEL = "-Onone";
			};
			name = Debug;
		};
		F50411911C644987003311DA /* Release */ = {
			isa = XCBuildConfiguration;
			buildSettings = {
				ALWAYS_SEARCH_USER_PATHS = NO;
				CLANG_CXX_LANGUAGE_STANDARD = "gnu++0x";
				CLANG_CXX_LIBRARY = "libc++";
				CLANG_ENABLE_MODULES = YES;
				CLANG_ENABLE_OBJC_ARC = YES;
				CLANG_WARN_BOOL_CONVERSION = YES;
				CLANG_WARN_CONSTANT_CONVERSION = YES;
				CLANG_WARN_DIRECT_OBJC_ISA_USAGE = YES_ERROR;
				CLANG_WARN_EMPTY_BODY = YES;
				CLANG_WARN_ENUM_CONVERSION = YES;
				CLANG_WARN_INT_CONVERSION = YES;
				CLANG_WARN_OBJC_ROOT_CLASS = YES_ERROR;
				CLANG_WARN_UNREACHABLE_CODE = YES;
				CLANG_WARN__DUPLICATE_METHOD_MATCH = YES;
				CODE_SIGN_IDENTITY = "";
				COPY_PHASE_STRIP = NO;
				DEBUG_INFORMATION_FORMAT = "dwarf-with-dsym";
				EMBED_ASSET_PACKS_IN_PRODUCT_BUNDLE = YES;
				ENABLE_NS_ASSERTIONS = NO;
				ENABLE_STRICT_OBJC_MSGSEND = YES;
				GCC_C_LANGUAGE_STANDARD = gnu99;
				GCC_NO_COMMON_BLOCKS = YES;
				GCC_WARN_64_TO_32_BIT_CONVERSION = YES;
				GCC_WARN_ABOUT_RETURN_TYPE = YES_ERROR;
				GCC_WARN_UNDECLARED_SELECTOR = YES;
				GCC_WARN_UNINITIALIZED_AUTOS = YES_AGGRESSIVE;
				GCC_WARN_UNUSED_FUNCTION = YES;
				GCC_WARN_UNUSED_VARIABLE = YES;
				MACOSX_DEPLOYMENT_TARGET = 10.10;
				MTL_ENABLE_DEBUG_INFO = NO;
				SDKROOT = macosx;
				SWIFT_OPTIMIZATION_LEVEL = "-Owholemodule";
			};
			name = Release;
		};
		F50411931C644987003311DA /* Debug */ = {
			isa = XCBuildConfiguration;
			buildSettings = {
				ASSETCATALOG_COMPILER_APPICON_NAME = AppIcon;
				CLANG_ENABLE_MODULES = YES;
				COMBINE_HIDPI_IMAGES = YES;
				INFOPLIST_FILE = LazyHackintoshGenerator/Info.plist;
				LD_RUNPATH_SEARCH_PATHS = "$(inherited) @executable_path/../Frameworks";
				MACOSX_DEPLOYMENT_TARGET = 10.10;
				PRODUCT_BUNDLE_IDENTIFIER = Arslan.LazyHackintoshGenerator;
				PRODUCT_NAME = "$(TARGET_NAME)";
				SWIFT_OBJC_BRIDGING_HEADER = "LazyHackintoshGenerator-Bridging-Header.h";
				SWIFT_OPTIMIZATION_LEVEL = "-Onone";
			};
			name = Debug;
		};
		F50411941C644987003311DA /* Release */ = {
			isa = XCBuildConfiguration;
			buildSettings = {
				ASSETCATALOG_COMPILER_APPICON_NAME = AppIcon;
				CLANG_ENABLE_MODULES = YES;
				COMBINE_HIDPI_IMAGES = YES;
				INFOPLIST_FILE = LazyHackintoshGenerator/Info.plist;
				LD_RUNPATH_SEARCH_PATHS = "$(inherited) @executable_path/../Frameworks";
				MACOSX_DEPLOYMENT_TARGET = 10.10;
				PRODUCT_BUNDLE_IDENTIFIER = Arslan.LazyHackintoshGenerator;
				PRODUCT_NAME = "$(TARGET_NAME)";
				SWIFT_OBJC_BRIDGING_HEADER = "LazyHackintoshGenerator-Bridging-Header.h";
				SWIFT_OPTIMIZATION_LEVEL = "-Owholemodule";
			};
			name = Release;
		};
/* End XCBuildConfiguration section */

/* Begin XCConfigurationList section */
		F504117E1C644987003311DA /* Build configuration list for PBXProject "LazyHackintoshGenerator" */ = {
			isa = XCConfigurationList;
			buildConfigurations = (
				F50411901C644987003311DA /* Debug */,
				F50411911C644987003311DA /* Release */,
			);
			defaultConfigurationIsVisible = 0;
			defaultConfigurationName = Release;
		};
		F50411921C644987003311DA /* Build configuration list for PBXNativeTarget "LazyHackintoshGenerator" */ = {
			isa = XCConfigurationList;
			buildConfigurations = (
				F50411931C644987003311DA /* Debug */,
				F50411941C644987003311DA /* Release */,
			);
			defaultConfigurationIsVisible = 0;
			defaultConfigurationName = Release;
		};
/* End XCConfigurationList section */
	};
	rootObject = F504117B1C644987003311DA /* Project object */;
}
